
Microsoft Visual Studio Solution File, Format Version 12.00
Project("{FAE04EC0-301F-11D3-BF4B-00C04F79EFBC}") = "simple-odata", "simple-odata\simple-odata.csproj", "{9B4DDB7A-CCE3-47BB-96A6-84018046A1BB}"
EndProject
Project("{FAE04EC0-301F-11D3-BF4B-00C04F79EFBC}") = "odataapimodels", "odataapimodels\odataapimodels.csproj", "{10CA33F6-4FD3-4E91-8E1C-E1B555297820}"
EndProject
Project("{2150E333-8FDC-42A3-9474-1A3956D46DE8}") = "odata-apimodels", "odata-apimodels", "{4F8BAEC2-686C-45D0-91E3-D60C4ADE9544}"
EndProject
Project("{FAE04EC0-301F-11D3-BF4B-00C04F79EFBC}") = "odataapimodels.Domain", "odataapimodels.Domain\odataapimodels.Domain.csproj", "{4F3F0983-6910-4A03-ADC8-77511C98592D}"
EndProject
Project("{FAE04EC0-301F-11D3-BF4B-00C04F79EFBC}") = "odataapimodels.EFCoreData", "odataapimodels.EFCoreData\odataapimodels.EFCoreData.csproj", "{DC37556F-FF6A-491A-B055-85D54266A6E5}"
EndProject
Project("{2150E333-8FDC-42A3-9474-1A3956D46DE8}") = "odata-simple", "odata-simple", "{48AB49A3-EFE4-494E-BDF1-A959BF724F54}"
EndProject
Global
	GlobalSection(SolutionConfigurationPlatforms) = preSolution
		Debug|Any CPU = Debug|Any CPU
		Release|Any CPU = Release|Any CPU
	EndGlobalSection
	GlobalSection(ProjectConfigurationPlatforms) = postSolution
		{9B4DDB7A-CCE3-47BB-96A6-84018046A1BB}.Debug|Any CPU.ActiveCfg = Debug|Any CPU
		{9B4DDB7A-CCE3-47BB-96A6-84018046A1BB}.Debug|Any CPU.Build.0 = Debug|Any CPU
		{9B4DDB7A-CCE3-47BB-96A6-84018046A1BB}.Release|Any CPU.ActiveCfg = Release|Any CPU
		{9B4DDB7A-CCE3-47BB-96A6-84018046A1BB}.Release|Any CPU.Build.0 = Release|Any CPU
		{10CA33F6-4FD3-4E91-8E1C-E1B555297820}.Debug|Any CPU.ActiveCfg = Debug|Any CPU
		{10CA33F6-4FD3-4E91-8E1C-E1B555297820}.Debug|Any CPU.Build.0 = Debug|Any CPU
		{10CA33F6-4FD3-4E91-8E1C-E1B555297820}.Release|Any CPU.ActiveCfg = Release|Any CPU
		{10CA33F6-4FD3-4E91-8E1C-E1B555297820}.Release|Any CPU.Build.0 = Release|Any CPU
		{4F3F0983-6910-4A03-ADC8-77511C98592D}.Debug|Any CPU.ActiveCfg = Debug|Any CPU
		{4F3F0983-6910-4A03-ADC8-77511C98592D}.Debug|Any CPU.Build.0 = Debug|Any CPU
		{4F3F0983-6910-4A03-ADC8-77511C98592D}.Release|Any CPU.ActiveCfg = Release|Any CPU
		{4F3F0983-6910-4A03-ADC8-77511C98592D}.Release|Any CPU.Build.0 = Release|Any CPU
		{DC37556F-FF6A-491A-B055-85D54266A6E5}.Debug|Any CPU.ActiveCfg = Debug|Any CPU
		{DC37556F-FF6A-491A-B055-85D54266A6E5}.Debug|Any CPU.Build.0 = Debug|Any CPU
		{DC37556F-FF6A-491A-B055-85D54266A6E5}.Release|Any CPU.ActiveCfg = Release|Any CPU
		{DC37556F-FF6A-491A-B055-85D54266A6E5}.Release|Any CPU.Build.0 = Release|Any CPU
	EndGlobalSection
	GlobalSection(NestedProjects) = preSolution
		{10CA33F6-4FD3-4E91-8E1C-E1B555297820} = {4F8BAEC2-686C-45D0-91E3-D60C4ADE9544}
		{4F3F0983-6910-4A03-ADC8-77511C98592D} = {4F8BAEC2-686C-45D0-91E3-D60C4ADE9544}
		{DC37556F-FF6A-491A-B055-85D54266A6E5} = {4F8BAEC2-686C-45D0-91E3-D60C4ADE9544}
		{9B4DDB7A-CCE3-47BB-96A6-84018046A1BB} = {48AB49A3-EFE4-494E-BDF1-A959BF724F54}
	EndGlobalSection
EndGlobal
